
Microsoft Visual Studio Solution File, Format Version 12.00
# Visual Studio Version 16
VisualStudioVersion = 16.0.809.6
MinimumVisualStudioVersion = 10.0.40219.1
Project("{FAE04EC0-301F-11D3-BF4B-00C04F79EFBC}") = "OOP_Assignment3", "OOP_Assignment3\OOP_Assignment3.csproj", "{3789CF6D-5EB9-4F1F-A08F-20B64E12E658}"
EndProject
Global
	GlobalSection(SolutionConfigurationPlatforms) = preSolution
		Debug|Any CPU = Debug|Any CPU
		Release|Any CPU = Release|Any CPU
	EndGlobalSection
	GlobalSection(ProjectConfigurationPlatforms) = postSolution
		{3789CF6D-5EB9-4F1F-A08F-20B64E12E658}.Debug|Any CPU.ActiveCfg = Debug|Any CPU
		{3789CF6D-5EB9-4F1F-A08F-20B64E12E658}.Debug|Any CPU.Build.0 = Debug|Any CPU
		{3789CF6D-5EB9-4F1F-A08F-20B64E12E658}.Release|Any CPU.ActiveCfg = Release|Any CPU
		{3789CF6D-5EB9-4F1F-A08F-20B64E12E658}.Release|Any CPU.Build.0 = Release|Any CPU
	EndGlobalSection
	GlobalSection(SolutionProperties) = preSolution
		HideSolutionNode = FALSE
	EndGlobalSection
	GlobalSection(ExtensibilityGlobals) = postSolution
		SolutionGuid = {55B951B7-9C3C-4775-946D-860C67886519}
	EndGlobalSection
EndGlobal
